
Microsoft Visual Studio Solution File, Format Version 12.00
# Visual Studio 15
VisualStudioVersion = 15.0.27703.2035
MinimumVisualStudioVersion = 10.0.40219.1
Project("{9A19103F-16F7-4668-BE54-9A1E7A4F7556}") = "CursoCSharp", "CursoCSharp\CursoCSharp.csproj", "{3B56C390-C0E3-4BC3-83C9-31CF1F9AD02D}"
EndProject
Project("{FAE04EC0-301F-11D3-BF4B-00C04F79EFBC}") = "Encapsulamento", "Encapsulamento\Encapsulamento.csproj", "{7EA9A5C6-B2F0-442E-992D-1F9D483D5AE2}"
EndProject
Global
	GlobalSection(SolutionConfigurationPlatforms) = preSolution
		Debug|Any CPU = Debug|Any CPU
		Release|Any CPU = Release|Any CPU
	EndGlobalSection
	GlobalSection(ProjectConfigurationPlatforms) = postSolution
		{3B56C390-C0E3-4BC3-83C9-31CF1F9AD02D}.Debug|Any CPU.ActiveCfg = Debug|Any CPU
		{3B56C390-C0E3-4BC3-83C9-31CF1F9AD02D}.Debug|Any CPU.Build.0 = Debug|Any CPU
		{3B56C390-C0E3-4BC3-83C9-31CF1F9AD02D}.Release|Any CPU.ActiveCfg = Release|Any CPU
		{3B56C390-C0E3-4BC3-83C9-31CF1F9AD02D}.Release|Any CPU.Build.0 = Release|Any CPU
		{7EA9A5C6-B2F0-442E-992D-1F9D483D5AE2}.Debug|Any CPU.ActiveCfg = Debug|Any CPU
		{7EA9A5C6-B2F0-442E-992D-1F9D483D5AE2}.Debug|Any CPU.Build.0 = Debug|Any CPU
		{7EA9A5C6-B2F0-442E-992D-1F9D483D5AE2}.Release|Any CPU.ActiveCfg = Release|Any CPU
		{7EA9A5C6-B2F0-442E-992D-1F9D483D5AE2}.Release|Any CPU.Build.0 = Release|Any CPU
	EndGlobalSection
	GlobalSection(SolutionProperties) = preSolution
		HideSolutionNode = FALSE
	EndGlobalSection
	GlobalSection(ExtensibilityGlobals) = postSolution
		SolutionGuid = {8C559FD8-CCE0-4787-B66F-108C09470925}
	EndGlobalSection
EndGlobal
